// !$*UTF8*$!
{
	archiveVersion = 1;
	classes = {
	};
	objectVersion = 46;
	objects = {

/* Begin PBXBuildFile section */
		F49928061ACD9F4F001EBE47 /* main.m in Sources */ = {isa = PBXBuildFile; fileRef = F49928051ACD9F4F001EBE47 /* main.m */; };
		F49928091ACD9F4F001EBE47 /* AppDelegate.m in Sources */ = {isa = PBXBuildFile; fileRef = F49928081ACD9F4F001EBE47 /* AppDelegate.m */; };
		F499280C1ACD9F4F001EBE47 /* ViewController.m in Sources */ = {isa = PBXBuildFile; fileRef = F499280B1ACD9F4F001EBE47 /* ViewController.m */; };
		F499280F1ACD9F4F001EBE47 /* Main.storyboard in Resources */ = {isa = PBXBuildFile; fileRef = F499280D1ACD9F4F001EBE47 /* Main.storyboard */; };
		F49928111ACD9F4F001EBE47 /* Images.xcassets in Resources */ = {isa = PBXBuildFile; fileRef = F49928101ACD9F4F001EBE47 /* Images.xcassets */; };
		F49928141ACD9F4F001EBE47 /* LaunchScreen.xib in Resources */ = {isa = PBXBuildFile; fileRef = F49928121ACD9F4F001EBE47 /* LaunchScreen.xib */; };
		F49928201ACD9F4F001EBE47 /* PopulationTests.m in Sources */ = {isa = PBXBuildFile; fileRef = F499281F1ACD9F4F001EBE47 /* PopulationTests.m */; };
/* End PBXBuildFile section */

/* Begin PBXContainerItemProxy section */
		F499281A1ACD9F4F001EBE47 /* PBXContainerItemProxy */ = {
			isa = PBXContainerItemProxy;
			containerPortal = F49927F81ACD9F4F001EBE47 /* Project object */;
			proxyType = 1;
			remoteGlobalIDString = F49927FF1ACD9F4F001EBE47;
			remoteInfo = Population;
		};
/* End PBXContainerItemProxy section */

/* Begin PBXFileReference section */
		F49928001ACD9F4F001EBE47 /* Population.app */ = {isa = PBXFileReference; explicitFileType = wrapper.application; includeInIndex = 0; path = Population.app; sourceTree = BUILT_PRODUCTS_DIR; };
		F49928041ACD9F4F001EBE47 /* Info.plist */ = {isa = PBXFileReference; lastKnownFileType = text.plist.xml; path = Info.plist; sourceTree = "<group>"; };
		F49928051ACD9F4F001EBE47 /* main.m */ = {isa = PBXFileReference; lastKnownFileType = sourcecode.c.objc; path = main.m; sourceTree = "<group>"; };
		F49928071ACD9F4F001EBE47 /* AppDelegate.h */ = {isa = PBXFileReference; lastKnownFileType = sourcecode.c.h; path = AppDelegate.h; sourceTree = "<group>"; };
		F49928081ACD9F4F001EBE47 /* AppDelegate.m */ = {isa = PBXFileReference; lastKnownFileType = sourcecode.c.objc; path = AppDelegate.m; sourceTree = "<group>"; };
		F499280A1ACD9F4F001EBE47 /* ViewController.h */ = {isa = PBXFileReference; lastKnownFileType = sourcecode.c.h; path = ViewController.h; sourceTree = "<group>"; };
		F499280B1ACD9F4F001EBE47 /* ViewController.m */ = {isa = PBXFileReference; lastKnownFileType = sourcecode.c.objc; path = ViewController.m; sourceTree = "<group>"; };
		F499280E1ACD9F4F001EBE47 /* Base */ = {isa = PBXFileReference; lastKnownFileType = file.storyboard; name = Base; path = Base.lproj/Main.storyboard; sourceTree = "<group>"; };
		F49928101ACD9F4F001EBE47 /* Images.xcassets */ = {isa = PBXFileReference; lastKnownFileType = folder.assetcatalog; path = Images.xcassets; sourceTree = "<group>"; };
		F49928131ACD9F4F001EBE47 /* Base */ = {isa = PBXFileReference; lastKnownFileType = file.xib; name = Base; path = Base.lproj/LaunchScreen.xib; sourceTree = "<group>"; };
		F49928191ACD9F4F001EBE47 /* PopulationTests.xctest */ = {isa = PBXFileReference; explicitFileType = wrapper.cfbundle; includeInIndex = 0; path = PopulationTests.xctest; sourceTree = BUILT_PRODUCTS_DIR; };
		F499281E1ACD9F4F001EBE47 /* Info.plist */ = {isa = PBXFileReference; lastKnownFileType = text.plist.xml; path = Info.plist; sourceTree = "<group>"; };
		F499281F1ACD9F4F001EBE47 /* PopulationTests.m */ = {isa = PBXFileReference; lastKnownFileType = sourcecode.c.objc; path = PopulationTests.m; sourceTree = "<group>"; };
/* End PBXFileReference section */

/* Begin PBXFrameworksBuildPhase section */
		F49927FD1ACD9F4F001EBE47 /* Frameworks */ = {
			isa = PBXFrameworksBuildPhase;
			buildActionMask = 2147483647;
			files = (
			);
			runOnlyForDeploymentPostprocessing = 0;
		};
		F49928161ACD9F4F001EBE47 /* Frameworks */ = {
			isa = PBXFrameworksBuildPhase;
			buildActionMask = 2147483647;
			files = (
			);
			runOnlyForDeploymentPostprocessing = 0;
		};
/* End PBXFrameworksBuildPhase section */

/* Begin PBXGroup section */
		F49927F71ACD9F4F001EBE47 = {
			isa = PBXGroup;
			children = (
				F49928021ACD9F4F001EBE47 /* Population */,
				F499281C1ACD9F4F001EBE47 /* PopulationTests */,
				F49928011ACD9F4F001EBE47 /* Products */,
			);
			sourceTree = "<group>";
		};
		F49928011ACD9F4F001EBE47 /* Products */ = {
			isa = PBXGroup;
			children = (
				F49928001ACD9F4F001EBE47 /* Population.app */,
				F49928191ACD9F4F001EBE47 /* PopulationTests.xctest */,
			);
			name = Products;
			sourceTree = "<group>";
		};
		F49928021ACD9F4F001EBE47 /* Population */ = {
			isa = PBXGroup;
			children = (
				F499285D1ACDA175001EBE47 /* Models */,
				F499285E1ACDA18A001EBE47 /* Views */,
				F499285F1ACDA1A3001EBE47 /* View Controllers */,
				F499282A1ACDA021001EBE47 /* Controllers */,
				F49928601ACDA24C001EBE47 /* Resources */,
				F49928031ACD9F4F001EBE47 /* Supporting Files */,
			);
			path = Population;
			sourceTree = "<group>";
		};
		F49928031ACD9F4F001EBE47 /* Supporting Files */ = {
			isa = PBXGroup;
			children = (
				F49928041ACD9F4F001EBE47 /* Info.plist */,
				F49928051ACD9F4F001EBE47 /* main.m */,
			);
			name = "Supporting Files";
			sourceTree = "<group>";
		};
		F499281C1ACD9F4F001EBE47 /* PopulationTests */ = {
			isa = PBXGroup;
			children = (
				F499281F1ACD9F4F001EBE47 /* PopulationTests.m */,
				F499281D1ACD9F4F001EBE47 /* Supporting Files */,
			);
			path = PopulationTests;
			sourceTree = "<group>";
		};
		F499281D1ACD9F4F001EBE47 /* Supporting Files */ = {
			isa = PBXGroup;
			children = (
				F499281E1ACD9F4F001EBE47 /* Info.plist */,
			);
			name = "Supporting Files";
			sourceTree = "<group>";
		};
		F49928291ACD9FAD001EBE47 /* App Delegate */ = {
			isa = PBXGroup;
			children = (
				F49928071ACD9F4F001EBE47 /* AppDelegate.h */,
				F49928081ACD9F4F001EBE47 /* AppDelegate.m */,
			);
			path = "App Delegate";
			sourceTree = "<group>";
		};
		F499282A1ACDA021001EBE47 /* Controllers */ = {
			isa = PBXGroup;
			children = (
				F49928291ACD9FAD001EBE47 /* App Delegate */,
			);
			name = Controllers;
			path = Classes/Controllers;
			sourceTree = "<group>";
		};
		F499285D1ACDA175001EBE47 /* Models */ = {
			isa = PBXGroup;
			children = (
			);
			name = Models;
			path = Classes/Models;
			sourceTree = "<group>";
		};
		F499285E1ACDA18A001EBE47 /* Views */ = {
			isa = PBXGroup;
			children = (
			);
			name = Views;
			path = Classes/Views;
			sourceTree = "<group>";
		};
		F499285F1ACDA1A3001EBE47 /* View Controllers */ = {
			isa = PBXGroup;
			children = (
				F499280A1ACD9F4F001EBE47 /* ViewController.h */,
				F499280B1ACD9F4F001EBE47 /* ViewController.m */,
			);
			name = "View Controllers";
			path = "Classes/View Controllers";
			sourceTree = "<group>";
		};
		F49928601ACDA24C001EBE47 /* Resources */ = {
			isa = PBXGroup;
			children = (
				F499280D1ACD9F4F001EBE47 /* Main.storyboard */,
				F49928101ACD9F4F001EBE47 /* Images.xcassets */,
				F49928121ACD9F4F001EBE47 /* LaunchScreen.xib */,
			);
			path = Resources;
			sourceTree = "<group>";
		};
/* End PBXGroup section */

/* Begin PBXNativeTarget section */
		F49927FF1ACD9F4F001EBE47 /* Population */ = {
			isa = PBXNativeTarget;
			buildConfigurationList = F49928231ACD9F4F001EBE47 /* Build configuration list for PBXNativeTarget "Population" */;
			buildPhases = (
				F49927FC1ACD9F4F001EBE47 /* Sources */,
				F49927FD1ACD9F4F001EBE47 /* Frameworks */,
				F49927FE1ACD9F4F001EBE47 /* Resources */,
			);
			buildRules = (
			);
			dependencies = (
			);
			name = Population;
			productName = Population;
			productReference = F49928001ACD9F4F001EBE47 /* Population.app */;
			productType = "com.apple.product-type.application";
		};
		F49928181ACD9F4F001EBE47 /* PopulationTests */ = {
			isa = PBXNativeTarget;
			buildConfigurationList = F49928261ACD9F4F001EBE47 /* Build configuration list for PBXNativeTarget "PopulationTests" */;
			buildPhases = (
				F49928151ACD9F4F001EBE47 /* Sources */,
				F49928161ACD9F4F001EBE47 /* Frameworks */,
				F49928171ACD9F4F001EBE47 /* Resources */,
			);
			buildRules = (
			);
			dependencies = (
				F499281B1ACD9F4F001EBE47 /* PBXTargetDependency */,
			);
			name = PopulationTests;
			productName = PopulationTests;
			productReference = F49928191ACD9F4F001EBE47 /* PopulationTests.xctest */;
			productType = "com.apple.product-type.bundle.unit-test";
		};
/* End PBXNativeTarget section */

/* Begin PBXProject section */
		F49927F81ACD9F4F001EBE47 /* Project object */ = {
			isa = PBXProject;
			attributes = {
				LastUpgradeCheck = 0620;
				ORGANIZATIONNAME = "Rui Barbosa";
				TargetAttributes = {
					F49927FF1ACD9F4F001EBE47 = {
						CreatedOnToolsVersion = 6.2;
					};
					F49928181ACD9F4F001EBE47 = {
						CreatedOnToolsVersion = 6.2;
						TestTargetID = F49927FF1ACD9F4F001EBE47;
					};
				};
			};
			buildConfigurationList = F49927FB1ACD9F4F001EBE47 /* Build configuration list for PBXProject "Population" */;
			compatibilityVersion = "Xcode 3.2";
			developmentRegion = English;
			hasScannedForEncodings = 0;
			knownRegions = (
				en,
				Base,
			);
			mainGroup = F49927F71ACD9F4F001EBE47;
			productRefGroup = F49928011ACD9F4F001EBE47 /* Products */;
			projectDirPath = "";
			projectRoot = "";
			targets = (
				F49927FF1ACD9F4F001EBE47 /* Population */,
				F49928181ACD9F4F001EBE47 /* PopulationTests */,
			);
		};
/* End PBXProject section */

/* Begin PBXResourcesBuildPhase section */
		F49927FE1ACD9F4F001EBE47 /* Resources */ = {
			isa = PBXResourcesBuildPhase;
			buildActionMask = 2147483647;
			files = (
				F499280F1ACD9F4F001EBE47 /* Main.storyboard in Resources */,
				F49928141ACD9F4F001EBE47 /* LaunchScreen.xib in Resources */,
				F49928111ACD9F4F001EBE47 /* Images.xcassets in Resources */,
			);
			runOnlyForDeploymentPostprocessing = 0;
		};
		F49928171ACD9F4F001EBE47 /* Resources */ = {
			isa = PBXResourcesBuildPhase;
			buildActionMask = 2147483647;
			files = (
			);
			runOnlyForDeploymentPostprocessing = 0;
		};
/* End PBXResourcesBuildPhase section */

/* Begin PBXSourcesBuildPhase section */
		F49927FC1ACD9F4F001EBE47 /* Sources */ = {
			isa = PBXSourcesBuildPhase;
			buildActionMask = 2147483647;
			files = (
				F499280C1ACD9F4F001EBE47 /* ViewController.m in Sources */,
				F49928091ACD9F4F001EBE47 /* AppDelegate.m in Sources */,
				F49928061ACD9F4F001EBE47 /* main.m in Sources */,
			);
			runOnlyForDeploymentPostprocessing = 0;
		};
		F49928151ACD9F4F001EBE47 /* Sources */ = {
			isa = PBXSourcesBuildPhase;
			buildActionMask = 2147483647;
			files = (
				F49928201ACD9F4F001EBE47 /* PopulationTests.m in Sources */,
			);
			runOnlyForDeploymentPostprocessing = 0;
		};
/* End PBXSourcesBuildPhase section */

/* Begin PBXTargetDependency section */
		F499281B1ACD9F4F001EBE47 /* PBXTargetDependency */ = {
			isa = PBXTargetDependency;
			target = F49927FF1ACD9F4F001EBE47 /* Population */;
			targetProxy = F499281A1ACD9F4F001EBE47 /* PBXContainerItemProxy */;
		};
/* End PBXTargetDependency section */

/* Begin PBXVariantGroup section */
		F499280D1ACD9F4F001EBE47 /* Main.storyboard */ = {
			isa = PBXVariantGroup;
			children = (
				F499280E1ACD9F4F001EBE47 /* Base */,
			);
			name = Main.storyboard;
			sourceTree = "<group>";
		};
		F49928121ACD9F4F001EBE47 /* LaunchScreen.xib */ = {
			isa = PBXVariantGroup;
			children = (
				F49928131ACD9F4F001EBE47 /* Base */,
			);
			name = LaunchScreen.xib;
			sourceTree = "<group>";
		};
/* End PBXVariantGroup section */

/* Begin XCBuildConfiguration section */
		F49928211ACD9F4F001EBE47 /* Debug */ = {
			isa = XCBuildConfiguration;
			buildSettings = {
				ALWAYS_SEARCH_USER_PATHS = NO;
				CLANG_CXX_LANGUAGE_STANDARD = "gnu++0x";
				CLANG_CXX_LIBRARY = "libc++";
				CLANG_ENABLE_MODULES = YES;
				CLANG_ENABLE_OBJC_ARC = YES;
				CLANG_WARN_BOOL_CONVERSION = YES;
				CLANG_WARN_CONSTANT_CONVERSION = YES;
				CLANG_WARN_DIRECT_OBJC_ISA_USAGE = YES_ERROR;
				CLANG_WARN_EMPTY_BODY = YES;
				CLANG_WARN_ENUM_CONVERSION = YES;
				CLANG_WARN_INT_CONVERSION = YES;
				CLANG_WARN_OBJC_ROOT_CLASS = YES_ERROR;
				CLANG_WARN_UNREACHABLE_CODE = YES;
				CLANG_WARN__DUPLICATE_METHOD_MATCH = YES;
				"CODE_SIGN_IDENTITY[sdk=iphoneos*]" = "iPhone Developer";
				COPY_PHASE_STRIP = NO;
				ENABLE_STRICT_OBJC_MSGSEND = YES;
				GCC_C_LANGUAGE_STANDARD = gnu99;
				GCC_DYNAMIC_NO_PIC = NO;
				GCC_OPTIMIZATION_LEVEL = 0;
				GCC_PREPROCESSOR_DEFINITIONS = (
					"DEBUG=1",
					"$(inherited)",
				);
				GCC_SYMBOLS_PRIVATE_EXTERN = NO;
				GCC_WARN_64_TO_32_BIT_CONVERSION = YES;
				GCC_WARN_ABOUT_RETURN_TYPE = YES_ERROR;
				GCC_WARN_UNDECLARED_SELECTOR = YES;
				GCC_WARN_UNINITIALIZED_AUTOS = YES_AGGRESSIVE;
				GCC_WARN_UNUSED_FUNCTION = YES;
				GCC_WARN_UNUSED_VARIABLE = YES;
				IPHONEOS_DEPLOYMENT_TARGET = 8.2;
				MTL_ENABLE_DEBUG_INFO = YES;
				ONLY_ACTIVE_ARCH = YES;
				SDKROOT = iphoneos;
			};
			name = Debug;
		};
		F49928221ACD9F4F001EBE47 /* Release */ = {
			isa = XCBuildConfiguration;
			buildSettings = {
				ALWAYS_SEARCH_USER_PATHS = NO;
				CLANG_CXX_LANGUAGE_STANDARD = "gnu++0x";
				CLANG_CXX_LIBRARY = "libc++";
				CLANG_ENABLE_MODULES = YES;
				CLANG_ENABLE_OBJC_ARC = YES;
				CLANG_WARN_BOOL_CONVERSION = YES;
				CLANG_WARN_CONSTANT_CONVERSION = YES;
				CLANG_WARN_DIRECT_OBJC_ISA_USAGE = YES_ERROR;
				CLANG_WARN_EMPTY_BODY = YES;
				CLANG_WARN_ENUM_CONVERSION = YES;
				CLANG_WARN_INT_CONVERSION = YES;
				CLANG_WARN_OBJC_ROOT_CLASS = YES_ERROR;
				CLANG_WARN_UNREACHABLE_CODE = YES;
				CLANG_WARN__DUPLICATE_METHOD_MATCH = YES;
				"CODE_SIGN_IDENTITY[sdk=iphoneos*]" = "iPhone Developer";
				COPY_PHASE_STRIP = NO;
				ENABLE_NS_ASSERTIONS = NO;
				ENABLE_STRICT_OBJC_MSGSEND = YES;
				GCC_C_LANGUAGE_STANDARD = gnu99;
				GCC_WARN_64_TO_32_BIT_CONVERSION = YES;
				GCC_WARN_ABOUT_RETURN_TYPE = YES_ERROR;
				GCC_WARN_UNDECLARED_SELECTOR = YES;
				GCC_WARN_UNINITIALIZED_AUTOS = YES_AGGRESSIVE;
				GCC_WARN_UNUSED_FUNCTION = YES;
				GCC_WARN_UNUSED_VARIABLE = YES;
				IPHONEOS_DEPLOYMENT_TARGET = 8.2;
				MTL_ENABLE_DEBUG_INFO = NO;
				SDKROOT = iphoneos;
				VALIDATE_PRODUCT = YES;
			};
			name = Release;
		};
		F49928241ACD9F4F001EBE47 /* Debug */ = {
			isa = XCBuildConfiguration;
			buildSettings = {
				ASSETCATALOG_COMPILER_APPICON_NAME = AppIcon;
				INFOPLIST_FILE = Population/Info.plist;
				LD_RUNPATH_SEARCH_PATHS = "$(inherited) @executable_path/Frameworks";
				PRODUCT_NAME = "$(TARGET_NAME)";
			};
			name = Debug;
		};
		F49928251ACD9F4F001EBE47 /* Release */ = {
			isa = XCBuildConfiguration;
			buildSettings = {
				ASSETCATALOG_COMPILER_APPICON_NAME = AppIcon;
				INFOPLIST_FILE = Population/Info.plist;
				LD_RUNPATH_SEARCH_PATHS = "$(inherited) @executable_path/Frameworks";
				PRODUCT_NAME = "$(TARGET_NAME)";
			};
			name = Release;
		};
		F49928271ACD9F4F001EBE47 /* Debug */ = {
			isa = XCBuildConfiguration;
			buildSettings = {
				BUNDLE_LOADER = "$(TEST_HOST)";
				FRAMEWORK_SEARCH_PATHS = (
					"$(SDKROOT)/Developer/Library/Frameworks",
					"$(inherited)",
				);
				GCC_PREPROCESSOR_DEFINITIONS = (
					"DEBUG=1",
					"$(inherited)",
				);
				INFOPLIST_FILE = PopulationTests/Info.plist;
				LD_RUNPATH_SEARCH_PATHS = "$(inherited) @executable_path/Frameworks @loader_path/Frameworks";
				PRODUCT_NAME = "$(TARGET_NAME)";
				TEST_HOST = "$(BUILT_PRODUCTS_DIR)/Population.app/Population";
			};
			name = Debug;
		};
		F49928281ACD9F4F001EBE47 /* Release */ = {
			isa = XCBuildConfiguration;
			buildSettings = {
				BUNDLE_LOADER = "$(TEST_HOST)";
				FRAMEWORK_SEARCH_PATHS = (
					"$(SDKROOT)/Developer/Library/Frameworks",
					"$(inherited)",
				);
				INFOPLIST_FILE = PopulationTests/Info.plist;
				LD_RUNPATH_SEARCH_PATHS = "$(inherited) @executable_path/Frameworks @loader_path/Frameworks";
				PRODUCT_NAME = "$(TARGET_NAME)";
				TEST_HOST = "$(BUILT_PRODUCTS_DIR)/Population.app/Population";
			};
			name = Release;
		};
/* End XCBuildConfiguration section */

/* Begin XCConfigurationList section */
		F49927FB1ACD9F4F001EBE47 /* Build configuration list for PBXProject "Population" */ = {
			isa = XCConfigurationList;
			buildConfigurations = (
				F49928211ACD9F4F001EBE47 /* Debug */,
				F49928221ACD9F4F001EBE47 /* Release */,
			);
			defaultConfigurationIsVisible = 0;
			defaultConfigurationName = Release;
		};
		F49928231ACD9F4F001EBE47 /* Build configuration list for PBXNativeTarget "Population" */ = {
			isa = XCConfigurationList;
			buildConfigurations = (
				F49928241ACD9F4F001EBE47 /* Debug */,
				F49928251ACD9F4F001EBE47 /* Release */,
			);
			defaultConfigurationIsVisible = 0;
		};
		F49928261ACD9F4F001EBE47 /* Build configuration list for PBXNativeTarget "PopulationTests" */ = {
			isa = XCConfigurationList;
			buildConfigurations = (
				F49928271ACD9F4F001EBE47 /* Debug */,
				F49928281ACD9F4F001EBE47 /* Release */,
			);
			defaultConfigurationIsVisible = 0;
		};
/* End XCConfigurationList section */
	};
	rootObject = F49927F81ACD9F4F001EBE47 /* Project object */;
}
